
Microsoft Visual Studio Solution File, Format Version 12.00
# Visual Studio Version 16
VisualStudioVersion = 16.0.29306.81
MinimumVisualStudioVersion = 10.0.40219.1
Project("{FAE04EC0-301F-11D3-BF4B-00C04F79EFBC}") = "Dag3", "Dag3\Dag3.csproj", "{B81EAF57-2B4E-4D76-ADC1-495DA74EC2DA}"
EndProject
Global
	GlobalSection(SolutionConfigurationPlatforms) = preSolution
		Debug|Any CPU = Debug|Any CPU
		Release|Any CPU = Release|Any CPU
	EndGlobalSection
	GlobalSection(ProjectConfigurationPlatforms) = postSolution
		{B81EAF57-2B4E-4D76-ADC1-495DA74EC2DA}.Debug|Any CPU.ActiveCfg = Debug|Any CPU
		{B81EAF57-2B4E-4D76-ADC1-495DA74EC2DA}.Debug|Any CPU.Build.0 = Debug|Any CPU
		{B81EAF57-2B4E-4D76-ADC1-495DA74EC2DA}.Release|Any CPU.ActiveCfg = Release|Any CPU
		{B81EAF57-2B4E-4D76-ADC1-495DA74EC2DA}.Release|Any CPU.Build.0 = Release|Any CPU
	EndGlobalSection
	GlobalSection(SolutionProperties) = preSolution
		HideSolutionNode = FALSE
	EndGlobalSection
	GlobalSection(ExtensibilityGlobals) = postSolution
		SolutionGuid = {33DC6627-A569-42C9-8484-A9250C70F9A5}
	EndGlobalSection
EndGlobal
